
Microsoft Visual Studio Solution File, Format Version 12.00
# Visual Studio Version 16
VisualStudioVersion = 16.0.30804.86
MinimumVisualStudioVersion = 10.0.40219.1
Project("{FAE04EC0-301F-11D3-BF4B-00C04F79EFBC}") = "CalculadoraSimple", "CalculadoraSimple\CalculadoraSimple.csproj", "{71A9B224-39D2-4711-8A4D-15319BBE4FD4}"
EndProject
Global
	GlobalSection(SolutionConfigurationPlatforms) = preSolution
		Debug|Any CPU = Debug|Any CPU
		Release|Any CPU = Release|Any CPU
	EndGlobalSection
	GlobalSection(ProjectConfigurationPlatforms) = postSolution
		{71A9B224-39D2-4711-8A4D-15319BBE4FD4}.Debug|Any CPU.ActiveCfg = Debug|Any CPU
		{71A9B224-39D2-4711-8A4D-15319BBE4FD4}.Debug|Any CPU.Build.0 = Debug|Any CPU
		{71A9B224-39D2-4711-8A4D-15319BBE4FD4}.Release|Any CPU.ActiveCfg = Release|Any CPU
		{71A9B224-39D2-4711-8A4D-15319BBE4FD4}.Release|Any CPU.Build.0 = Release|Any CPU
	EndGlobalSection
	GlobalSection(SolutionProperties) = preSolution
		HideSolutionNode = FALSE
	EndGlobalSection
	GlobalSection(ExtensibilityGlobals) = postSolution
		SolutionGuid = {DE6A4636-6906-4C8B-8691-C8AF2468B1D5}
	EndGlobalSection
EndGlobal
